
Microsoft Visual Studio Solution File, Format Version 12.00
# Visual Studio 14
VisualStudioVersion = 14.0.25123.0
MinimumVisualStudioVersion = 10.0.40219.1
Project("{FAE04EC0-301F-11D3-BF4B-00C04F79EFBC}") = "MiniProject", "MiniProject\MiniProject.csproj", "{39DED624-DE18-4A29-8C88-33DB52008907}"
EndProject
Project("{FAE04EC0-301F-11D3-BF4B-00C04F79EFBC}") = "BE", "ClassLibrary1\BE.csproj", "{35AE5EF4-6913-4D37-94BE-5B6F5DE254F2}"
EndProject
Project("{FAE04EC0-301F-11D3-BF4B-00C04F79EFBC}") = "EX_DAL", "EX_DAL\EX_DAL.csproj", "{EA20DAF2-134D-4814-A27C-7EB6D6D33DFD}"
EndProject
Project("{FAE04EC0-301F-11D3-BF4B-00C04F79EFBC}") = "DS", "DS\DS.csproj", "{09E0B521-BC75-45DC-A9C9-65EB02B747A3}"
EndProject
Project("{FAE04EC0-301F-11D3-BF4B-00C04F79EFBC}") = "BL", "BL\BL.csproj", "{F13F2B8B-5681-43BC-A654-214AF006CFCD}"
EndProject
Project("{FAE04EC0-301F-11D3-BF4B-00C04F79EFBC}") = "UI1", "UI1\UI1.csproj", "{18768CF8-4E1A-4200-A7E0-D3F37B6689C7}"
EndProject
Project("{FAE04EC0-301F-11D3-BF4B-00C04F79EFBC}") = "UI", "UI\UI.csproj", "{4F95DE30-2B8A-4614-83CE-E0DD052FEFAE}"
EndProject
Project("{2150E333-8FDC-42A3-9474-1A3956D46DE8}") = "Files", "Files", "{4B06F5A2-5E37-4792-8FD0-FB5E07CAA181}"
	ProjectSection(SolutionItems) = preProject
		UI1\bin\Debug\BankAccountXml.xml = UI1\bin\Debug\BankAccountXml.xml
		UI1\bin\Debug\ContractXml.xml = UI1\bin\Debug\ContractXml.xml
		UI1\bin\Debug\EmployeeXml.xml = UI1\bin\Debug\EmployeeXml.xml
		UI1\bin\Debug\EmployerXml.xml = UI1\bin\Debug\EmployerXml.xml
		UI1\bin\Debug\SpacializationXml.xml = UI1\bin\Debug\SpacializationXml.xml
	EndProjectSection
EndProject
Global
	GlobalSection(SolutionConfigurationPlatforms) = preSolution
		Debug|Any CPU = Debug|Any CPU
		Release|Any CPU = Release|Any CPU
	EndGlobalSection
	GlobalSection(ProjectConfigurationPlatforms) = postSolution
		{39DED624-DE18-4A29-8C88-33DB52008907}.Debug|Any CPU.ActiveCfg = Debug|Any CPU
		{39DED624-DE18-4A29-8C88-33DB52008907}.Debug|Any CPU.Build.0 = Debug|Any CPU
		{39DED624-DE18-4A29-8C88-33DB52008907}.Release|Any CPU.ActiveCfg = Release|Any CPU
		{39DED624-DE18-4A29-8C88-33DB52008907}.Release|Any CPU.Build.0 = Release|Any CPU
		{35AE5EF4-6913-4D37-94BE-5B6F5DE254F2}.Debug|Any CPU.ActiveCfg = Debug|Any CPU
		{35AE5EF4-6913-4D37-94BE-5B6F5DE254F2}.Debug|Any CPU.Build.0 = Debug|Any CPU
		{35AE5EF4-6913-4D37-94BE-5B6F5DE254F2}.Release|Any CPU.ActiveCfg = Release|Any CPU
		{35AE5EF4-6913-4D37-94BE-5B6F5DE254F2}.Release|Any CPU.Build.0 = Release|Any CPU
		{EA20DAF2-134D-4814-A27C-7EB6D6D33DFD}.Debug|Any CPU.ActiveCfg = Debug|Any CPU
		{EA20DAF2-134D-4814-A27C-7EB6D6D33DFD}.Debug|Any CPU.Build.0 = Debug|Any CPU
		{EA20DAF2-134D-4814-A27C-7EB6D6D33DFD}.Release|Any CPU.ActiveCfg = Release|Any CPU
		{EA20DAF2-134D-4814-A27C-7EB6D6D33DFD}.Release|Any CPU.Build.0 = Release|Any CPU
		{09E0B521-BC75-45DC-A9C9-65EB02B747A3}.Debug|Any CPU.ActiveCfg = Debug|Any CPU
		{09E0B521-BC75-45DC-A9C9-65EB02B747A3}.Debug|Any CPU.Build.0 = Debug|Any CPU
		{09E0B521-BC75-45DC-A9C9-65EB02B747A3}.Release|Any CPU.ActiveCfg = Release|Any CPU
		{09E0B521-BC75-45DC-A9C9-65EB02B747A3}.Release|Any CPU.Build.0 = Release|Any CPU
		{F13F2B8B-5681-43BC-A654-214AF006CFCD}.Debug|Any CPU.ActiveCfg = Debug|Any CPU
		{F13F2B8B-5681-43BC-A654-214AF006CFCD}.Debug|Any CPU.Build.0 = Debug|Any CPU
		{F13F2B8B-5681-43BC-A654-214AF006CFCD}.Release|Any CPU.ActiveCfg = Release|Any CPU
		{F13F2B8B-5681-43BC-A654-214AF006CFCD}.Release|Any CPU.Build.0 = Release|Any CPU
		{18768CF8-4E1A-4200-A7E0-D3F37B6689C7}.Debug|Any CPU.ActiveCfg = Debug|Any CPU
		{18768CF8-4E1A-4200-A7E0-D3F37B6689C7}.Debug|Any CPU.Build.0 = Debug|Any CPU
		{18768CF8-4E1A-4200-A7E0-D3F37B6689C7}.Release|Any CPU.ActiveCfg = Release|Any CPU
		{18768CF8-4E1A-4200-A7E0-D3F37B6689C7}.Release|Any CPU.Build.0 = Release|Any CPU
		{4F95DE30-2B8A-4614-83CE-E0DD052FEFAE}.Debug|Any CPU.ActiveCfg = Debug|Any CPU
		{4F95DE30-2B8A-4614-83CE-E0DD052FEFAE}.Debug|Any CPU.Build.0 = Debug|Any CPU
		{4F95DE30-2B8A-4614-83CE-E0DD052FEFAE}.Release|Any CPU.ActiveCfg = Release|Any CPU
		{4F95DE30-2B8A-4614-83CE-E0DD052FEFAE}.Release|Any CPU.Build.0 = Release|Any CPU
	EndGlobalSection
	GlobalSection(SolutionProperties) = preSolution
		HideSolutionNode = FALSE
	EndGlobalSection
EndGlobal
